
Microsoft Visual Studio Solution File, Format Version 12.00
# Visual Studio Version 16
VisualStudioVersion = 16.0.30907.101
MinimumVisualStudioVersion = 10.0.40219.1
Project("{FAE04EC0-301F-11D3-BF4B-00C04F79EFBC}") = "GradeBook", "GradeBook\GradeBook.csproj", "{ACBE1DF5-DB08-4F38-B226-4FCE9E2672E3}"
EndProject
Global
	GlobalSection(SolutionConfigurationPlatforms) = preSolution
		Debug|Any CPU = Debug|Any CPU
		Release|Any CPU = Release|Any CPU
	EndGlobalSection
	GlobalSection(ProjectConfigurationPlatforms) = postSolution
		{ACBE1DF5-DB08-4F38-B226-4FCE9E2672E3}.Debug|Any CPU.ActiveCfg = Debug|Any CPU
		{ACBE1DF5-DB08-4F38-B226-4FCE9E2672E3}.Debug|Any CPU.Build.0 = Debug|Any CPU
		{ACBE1DF5-DB08-4F38-B226-4FCE9E2672E3}.Release|Any CPU.ActiveCfg = Release|Any CPU
		{ACBE1DF5-DB08-4F38-B226-4FCE9E2672E3}.Release|Any CPU.Build.0 = Release|Any CPU
	EndGlobalSection
	GlobalSection(SolutionProperties) = preSolution
		HideSolutionNode = FALSE
	EndGlobalSection
	GlobalSection(ExtensibilityGlobals) = postSolution
		SolutionGuid = {F6A82163-25B1-4A17-8606-089D2E74D6D2}
	EndGlobalSection
EndGlobal
